hash: 9df816530f9f5e4fb2938fc6c2461de94604a3ca83dc9d29dc27d3844e972ad7
updated: 2017-01-19T18:16:36.5884188+01:00
imports:
- name: github.com/cenkalti/log
  version: 958ee7afc008e65fe479a565819a25b30af0ec65
  subpackages:
  - github.com\cenkalti\log
- name: github.com/gin-gonic/gin
  version: 2dae550eb5392006a4582ce9c90016a9b5a74e8b
  subpackages:
  - '...'
  - github.com\gin-gonic\gin
  - github.com\gin-gonic\gin\binding
  - github.com\gin-gonic\gin\render
- name: github.com/golang/protobuf
  version: 2402d76f3d41f928c7902a765dfc872356dd3aad
  subpackages:
  - proto
  - github.com\golang\protobuf\proto
- name: github.com/google/go-github
  version: e4194fe26c3379788dc1671da379f719351f093e
  subpackages:
  - github.com\google\go-github\github
- name: github.com/google/go-querystring
  version: 9235644dd9e52eeae6fa48efd539fdc351a0af53
  subpackages:
  - github.com\google\go-querystring\query
- name: github.com/gorilla/context
  version: 08b5f424b9271eedf6f9f0ce86cb9396ed337a42
  subpackages:
  - github.com\gorilla\context
- name: github.com/gorilla/securecookie
  version: fa5329f913702981df43dcb2a380bac429c810b5
  subpackages:
  - github.com\gorilla\securecookie
- name: github.com/gorilla/sessions
  version: ca9ada44574153444b00d3fd9c8559e4cc95f896
  subpackages:
  - github.com\gorilla\sessions
- name: github.com/hashicorp/errwrap
  version: 7554cd9344cec97297fa6649b055a8c98c2a1e55
  subpackages:
  - github.com\hashicorp\errwrap
- name: github.com/hashicorp/go-multierror
  version: ed905158d87462226a13fe39ddf685ea65f1c11f
  subpackages:
  - github.com\hashicorp\go-multierror
- name: github.com/manucorporat/sse
  version: ee05b128a739a0fb76c7ebd3ae4810c1de808d6d
  subpackages:
  - github.com\manucorporat\sse
- name: github.com/mattn/go-isatty
  version: 30a891c33c7cde7b02a981314b4228ec99380cca
  subpackages:
  - github.com\mattn\go-isatty
- name: github.com/russross/blackfriday
  version: 5f33e7b7878355cd2b7e6b8eefc48a5472c69f70
  subpackages:
  - github.com\russross\blackfriday
- name: github.com/sergi/go-diff
  version: ce4a6e0e61d6908298eed511fc0683062d4c7f3b
  subpackages:
  - github.com\sergi\go-diff\diffmatchpatch
- name: github.com/shurcooL/sanitized_anchor_name
  version: 1dba4b3954bc059efc3991ec364f9f9a35f597d2
  subpackages:
  - github.com\shurcooL\sanitized_anchor_name
- name: golang.org/x/crypto
  version: 4cd25d65a015cc83d41bf3454e6e8d6c116d16da
  subpackages:
  - golang.org\x\crypto\ssh
  - golang.org\x\crypto\curve25519
  - golang.org\x\crypto\ed25519
  - golang.org\x\crypto\ed25519\internal\edwards25519
- name: golang.org/x/net
  version: f315505cf3349909cdf013ea56690da34e96a451
  subpackages:
  - context
  - golang.org\x\net\context
- name: golang.org/x/oauth2
  version: 3c3a985cb79f52a3190fbc056984415ca6763d01
  subpackages:
  - github
  - golang.org\x\oauth2
  - golang.org\x\oauth2\github
  - golang.org\x\oauth2\internal
- name: golang.org/x/sys
  version: d75a52659825e75fff6158388dddc6a5b04f9ba5
  subpackages:
  - golang.org\x\sys\unix
- name: google.golang.org/appengine
  version: 596d349602aa23355ff46ade49ebfeb99c0fc550
  subpackages:
  - google.golang.org\appengine\urlfetch
  - google.golang.org\appengine\internal
  - google.golang.org\appengine\internal\urlfetch
  - google.golang.org\appengine\internal\base
  - google.golang.org\appengine\internal\datastore
  - google.golang.org\appengine\internal\log
  - google.golang.org\appengine\internal\remote_api
- name: gopkg.in/go-playground/validator.v8
  version: c193cecd124b5cc722d7ee5538e945bdb3348435
  subpackages:
  - gopkg.in\go-playground\validator.v8
- name: gopkg.in/sourcegraph/go-vcsurl.v1
  version: 6b12603ea6fd7f84b8c90118face09df39ea10c6
  subpackages:
  - gopkg.in\sourcegraph\go-vcsurl.v1
- name: gopkg.in/src-d/go-git.v3
  version: bb4a55d739ce1e75596f26ae2b21949e71af79aa
  subpackages:
  - gopkg.in\src-d\go-git.v3
  - gopkg.in\src-d\go-git.v3\clients
  - gopkg.in\src-d\go-git.v3\clients\common
  - gopkg.in\src-d\go-git.v3\core
  - gopkg.in\src-d\go-git.v3\diff
  - gopkg.in\src-d\go-git.v3\formats\packfile
  - gopkg.in\src-d\go-git.v3\storage\memory
  - gopkg.in\src-d\go-git.v3\storage\seekable
  - gopkg.in\src-d\go-git.v3\utils\fs
  - gopkg.in\src-d\go-git.v3\clients\http
  - gopkg.in\src-d\go-git.v3\clients\ssh
  - gopkg.in\src-d\go-git.v3\formats\pktline
  - gopkg.in\src-d\go-git.v3\storage\seekable\internal\gitdir
  - gopkg.in\src-d\go-git.v3\storage\seekable\internal\index
  - gopkg.in\src-d\go-git.v3\formats\idxfile
- name: gopkg.in/yaml.v2
  version: a5b47d31c556af34a302ce5d659e6fea44d90de0
  subpackages:
  - gopkg.in\yaml.v2
devImports: []
